
Microsoft Visual Studio Solution File, Format Version 12.00
# Visual Studio Version 16
VisualStudioVersion = 16.0.30002.166
MinimumVisualStudioVersion = 10.0.40219.1
Project("{9A19103F-16F7-4668-BE54-9A1E7A4F7556}") = "Tenogy.WebSocket.Server", "Tenogy.WebSocket.Server\Tenogy.WebSocket.Server.csproj", "{49734F3A-D609-4C09-93ED-1E12C919B0B9}"
EndProject
Project("{FAE04EC0-301F-11D3-BF4B-00C04F79EFBC}") = "Tenogy.WebSocket.Client", "Tenogy.WebSocket.Client\Tenogy.WebSocket.Client.csproj", "{BF036F4D-F7CF-49D2-AD92-AEC949E42C19}"
EndProject
Global
	GlobalSection(SolutionConfigurationPlatforms) = preSolution
		Debug|Any CPU = Debug|Any CPU
		Release|Any CPU = Release|Any CPU
	EndGlobalSection
	GlobalSection(ProjectConfigurationPlatforms) = postSolution
		{49734F3A-D609-4C09-93ED-1E12C919B0B9}.Debug|Any CPU.ActiveCfg = Debug|Any CPU
		{49734F3A-D609-4C09-93ED-1E12C919B0B9}.Debug|Any CPU.Build.0 = Debug|Any CPU
		{49734F3A-D609-4C09-93ED-1E12C919B0B9}.Release|Any CPU.ActiveCfg = Release|Any CPU
		{49734F3A-D609-4C09-93ED-1E12C919B0B9}.Release|Any CPU.Build.0 = Release|Any CPU
		{BF036F4D-F7CF-49D2-AD92-AEC949E42C19}.Debug|Any CPU.ActiveCfg = Debug|Any CPU
		{BF036F4D-F7CF-49D2-AD92-AEC949E42C19}.Debug|Any CPU.Build.0 = Debug|Any CPU
		{BF036F4D-F7CF-49D2-AD92-AEC949E42C19}.Release|Any CPU.ActiveCfg = Release|Any CPU
		{BF036F4D-F7CF-49D2-AD92-AEC949E42C19}.Release|Any CPU.Build.0 = Release|Any CPU
	EndGlobalSection
	GlobalSection(SolutionProperties) = preSolution
		HideSolutionNode = FALSE
	EndGlobalSection
	GlobalSection(ExtensibilityGlobals) = postSolution
		SolutionGuid = {1F628E1D-CC7B-4636-BA0F-08B301225621}
	EndGlobalSection
EndGlobal
